
Microsoft Visual Studio Solution File, Format Version 12.00
# Visual Studio Version 17
VisualStudioVersion = 17.0.31903.59
MinimumVisualStudioVersion = 10.0.40219.1
Project("{2150E333-8FDC-42A3-9474-1A3956D46DE8}") = "src", "src", "{827E0CD3-B72D-47B6-A68D-7590B98EB39B}"
EndProject
Project("{2150E333-8FDC-42A3-9474-1A3956D46DE8}") = "managed", "managed", "{740F2F8A-03DD-0AB5-5B09-13F1E599E4C1}"
EndProject
Project("{FAE04EC0-301F-11D3-BF4B-00C04F79EFBC}") = "Foundation", "src\managed\Foundation\Foundation.csproj", "{077F8F06-FF87-4042-9A03-139F97465C77}"
EndProject
Project("{FAE04EC0-301F-11D3-BF4B-00C04F79EFBC}") = "GameLogic", "src\managed\GameLogic\GameLogic.csproj", "{46867288-B1FF-43EE-A7DC-A161972BCCA5}"
EndProject
Project("{2150E333-8FDC-42A3-9474-1A3956D46DE8}") = "Tests", "Tests", "{1C755F88-D585-B159-70B3-4DC1B3E4CD12}"
EndProject
Project("{FAE04EC0-301F-11D3-BF4B-00C04F79EFBC}") = "ManagedInteropAbiMismatch.Tests", "src\managed\Tests\ManagedInteropAbiMismatch.Tests\ManagedInteropAbiMismatch.Tests.csproj", "{3B0EB151-3102-4D8C-8697-0D9F6179A887}"
EndProject
Project("{FAE04EC0-301F-11D3-BF4B-00C04F79EFBC}") = "ManagedInteropMissingExports.Tests", "src\managed\Tests\ManagedInteropMissingExports.Tests\ManagedInteropMissingExports.Tests.csproj", "{60E8F86D-84D3-4275-BDE4-DB2F7B99EB7B}"
EndProject
Global
	GlobalSection(SolutionConfigurationPlatforms) = preSolution
		Debug|Any CPU = Debug|Any CPU
		Debug|x64 = Debug|x64
		Debug|x86 = Debug|x86
		Release|Any CPU = Release|Any CPU
		Release|x64 = Release|x64
		Release|x86 = Release|x86
	EndGlobalSection
	GlobalSection(ProjectConfigurationPlatforms) = postSolution
		{077F8F06-FF87-4042-9A03-139F97465C77}.Debug|Any CPU.ActiveCfg = Debug|Any CPU
		{077F8F06-FF87-4042-9A03-139F97465C77}.Debug|Any CPU.Build.0 = Debug|Any CPU
		{077F8F06-FF87-4042-9A03-139F97465C77}.Debug|x64.ActiveCfg = Debug|Any CPU
		{077F8F06-FF87-4042-9A03-139F97465C77}.Debug|x64.Build.0 = Debug|Any CPU
		{077F8F06-FF87-4042-9A03-139F97465C77}.Debug|x86.ActiveCfg = Debug|Any CPU
		{077F8F06-FF87-4042-9A03-139F97465C77}.Debug|x86.Build.0 = Debug|Any CPU
		{077F8F06-FF87-4042-9A03-139F97465C77}.Release|Any CPU.ActiveCfg = Release|Any CPU
		{077F8F06-FF87-4042-9A03-139F97465C77}.Release|Any CPU.Build.0 = Release|Any CPU
		{077F8F06-FF87-4042-9A03-139F97465C77}.Release|x64.ActiveCfg = Release|Any CPU
		{077F8F06-FF87-4042-9A03-139F97465C77}.Release|x64.Build.0 = Release|Any CPU
		{077F8F06-FF87-4042-9A03-139F97465C77}.Release|x86.ActiveCfg = Release|Any CPU
		{077F8F06-FF87-4042-9A03-139F97465C77}.Release|x86.Build.0 = Release|Any CPU
		{46867288-B1FF-43EE-A7DC-A161972BCCA5}.Debug|Any CPU.ActiveCfg = Debug|Any CPU
		{46867288-B1FF-43EE-A7DC-A161972BCCA5}.Debug|Any CPU.Build.0 = Debug|Any CPU
		{46867288-B1FF-43EE-A7DC-A161972BCCA5}.Debug|x64.ActiveCfg = Debug|Any CPU
		{46867288-B1FF-43EE-A7DC-A161972BCCA5}.Debug|x64.Build.0 = Debug|Any CPU
		{46867288-B1FF-43EE-A7DC-A161972BCCA5}.Debug|x86.ActiveCfg = Debug|Any CPU
		{46867288-B1FF-43EE-A7DC-A161972BCCA5}.Debug|x86.Build.0 = Debug|Any CPU
		{46867288-B1FF-43EE-A7DC-A161972BCCA5}.Release|Any CPU.ActiveCfg = Release|Any CPU
		{46867288-B1FF-43EE-A7DC-A161972BCCA5}.Release|Any CPU.Build.0 = Release|Any CPU
		{46867288-B1FF-43EE-A7DC-A161972BCCA5}.Release|x64.ActiveCfg = Release|Any CPU
		{46867288-B1FF-43EE-A7DC-A161972BCCA5}.Release|x64.Build.0 = Release|Any CPU
		{46867288-B1FF-43EE-A7DC-A161972BCCA5}.Release|x86.ActiveCfg = Release|Any CPU
		{46867288-B1FF-43EE-A7DC-A161972BCCA5}.Release|x86.Build.0 = Release|Any CPU
		{3B0EB151-3102-4D8C-8697-0D9F6179A887}.Debug|Any CPU.ActiveCfg = Debug|Any CPU
		{3B0EB151-3102-4D8C-8697-0D9F6179A887}.Debug|Any CPU.Build.0 = Debug|Any CPU
		{3B0EB151-3102-4D8C-8697-0D9F6179A887}.Debug|x64.ActiveCfg = Debug|Any CPU
		{3B0EB151-3102-4D8C-8697-0D9F6179A887}.Debug|x64.Build.0 = Debug|Any CPU
		{3B0EB151-3102-4D8C-8697-0D9F6179A887}.Debug|x86.ActiveCfg = Debug|Any CPU
		{3B0EB151-3102-4D8C-8697-0D9F6179A887}.Debug|x86.Build.0 = Debug|Any CPU
		{3B0EB151-3102-4D8C-8697-0D9F6179A887}.Release|Any CPU.ActiveCfg = Release|Any CPU
		{3B0EB151-3102-4D8C-8697-0D9F6179A887}.Release|Any CPU.Build.0 = Release|Any CPU
		{3B0EB151-3102-4D8C-8697-0D9F6179A887}.Release|x64.ActiveCfg = Release|Any CPU
		{3B0EB151-3102-4D8C-8697-0D9F6179A887}.Release|x64.Build.0 = Release|Any CPU
		{3B0EB151-3102-4D8C-8697-0D9F6179A887}.Release|x86.ActiveCfg = Release|Any CPU
		{3B0EB151-3102-4D8C-8697-0D9F6179A887}.Release|x86.Build.0 = Release|Any CPU
		{60E8F86D-84D3-4275-BDE4-DB2F7B99EB7B}.Debug|Any CPU.ActiveCfg = Debug|Any CPU
		{60E8F86D-84D3-4275-BDE4-DB2F7B99EB7B}.Debug|Any CPU.Build.0 = Debug|Any CPU
		{60E8F86D-84D3-4275-BDE4-DB2F7B99EB7B}.Debug|x64.ActiveCfg = Debug|Any CPU
		{60E8F86D-84D3-4275-BDE4-DB2F7B99EB7B}.Debug|x64.Build.0 = Debug|Any CPU
		{60E8F86D-84D3-4275-BDE4-DB2F7B99EB7B}.Debug|x86.ActiveCfg = Debug|Any CPU
		{60E8F86D-84D3-4275-BDE4-DB2F7B99EB7B}.Debug|x86.Build.0 = Debug|Any CPU
		{60E8F86D-84D3-4275-BDE4-DB2F7B99EB7B}.Release|Any CPU.ActiveCfg = Release|Any CPU
		{60E8F86D-84D3-4275-BDE4-DB2F7B99EB7B}.Release|Any CPU.Build.0 = Release|Any CPU
		{60E8F86D-84D3-4275-BDE4-DB2F7B99EB7B}.Release|x64.ActiveCfg = Release|Any CPU
		{60E8F86D-84D3-4275-BDE4-DB2F7B99EB7B}.Release|x64.Build.0 = Release|Any CPU
		{60E8F86D-84D3-4275-BDE4-DB2F7B99EB7B}.Release|x86.ActiveCfg = Release|Any CPU
		{60E8F86D-84D3-4275-BDE4-DB2F7B99EB7B}.Release|x86.Build.0 = Release|Any CPU
	EndGlobalSection
	GlobalSection(SolutionProperties) = preSolution
		HideSolutionNode = FALSE
	EndGlobalSection
	GlobalSection(NestedProjects) = preSolution
		{740F2F8A-03DD-0AB5-5B09-13F1E599E4C1} = {827E0CD3-B72D-47B6-A68D-7590B98EB39B}
		{077F8F06-FF87-4042-9A03-139F97465C77} = {740F2F8A-03DD-0AB5-5B09-13F1E599E4C1}
		{46867288-B1FF-43EE-A7DC-A161972BCCA5} = {740F2F8A-03DD-0AB5-5B09-13F1E599E4C1}
		{1C755F88-D585-B159-70B3-4DC1B3E4CD12} = {740F2F8A-03DD-0AB5-5B09-13F1E599E4C1}
		{3B0EB151-3102-4D8C-8697-0D9F6179A887} = {1C755F88-D585-B159-70B3-4DC1B3E4CD12}
		{60E8F86D-84D3-4275-BDE4-DB2F7B99EB7B} = {1C755F88-D585-B159-70B3-4DC1B3E4CD12}
	EndGlobalSection
EndGlobal
